version = 1
revision = 3
requires-python = ">=3.8"
resolution-markers = [
    "python_full_version >= '3.9'",
    "python_full_version < '3.9'",
]

[options]
exclude-newer = "0001-01-01T00:00:00Z" # This has no effect and is included for backwards compatibility when using relative exclude-newer values.
exclude-newer-span = "P10D"

[[package]]
name = "feedparser"
version = "6.0.12"
source = { registry = "https://pypi.org/simple" }
dependencies = [
    { name = "sgmllib3k" },
]
sdist = { url = "https://files.pythonhosted.org/packages/dc/79/db7edb5e77d6dfbc54d7d9df72828be4318275b2e580549ff45a962f6461/feedparser-6.0.12.tar.gz", hash = "sha256:64f76ce90ae3e8ef5d1ede0f8d3b50ce26bcce71dd8ae5e82b1cd2d4a5f94228", size = 286579, upload-time = "2025-09-10T13:33:59.486Z" }
wheels = [
    { url = "https://files.pythonhosted.org/packages/4e/eb/c96d64137e29ae17d83ad2552470bafe3a7a915e85434d9942077d7fd011/feedparser-6.0.12-py3-none-any.whl", hash = "sha256:6bbff10f5a52662c00a2e3f86a38928c37c48f77b3c511aedcd51de933549324", size = 81480, upload-time = "2025-09-10T13:33:58.022Z" },
]

[[package]]
name = "html2text"
version = "2020.1.16"
source = { registry = "https://pypi.org/simple" }
sdist = { url = "https://files.pythonhosted.org/packages/6c/f9/033a17d8ea8181aee41f20c74c3b20f1ccbefbbc3f7cd24e3692de99fb25/html2text-2020.1.16.tar.gz", hash = "sha256:e296318e16b059ddb97f7a8a1d6a5c1d7af4544049a01e261731d2d5cc277bbb", size = 49464, upload-time = "2020-01-16T14:21:54.493Z" }
wheels = [
    { url = "https://files.pythonhosted.org/packages/ae/88/14655f727f66b3e3199f4467bafcc88283e6c31b562686bf606264e09181/html2text-2020.1.16-py3-none-any.whl", hash = "sha256:c7c629882da0cf377d66f073329ccf34a12ed2adf0169b9285ae4e63ef54c82b", size = 32055, upload-time = "2020-01-16T14:21:52.904Z" },
]

[[package]]
name = "rss2email"
source = { editable = "." }
dependencies = [
    { name = "feedparser" },
    { name = "html2text" },
]

[package.optional-dependencies]
dev = [
    { name = "update-copyright" },
]

[package.metadata]
requires-dist = [
    { name = "feedparser", specifier = ">=6.0.5" },
    { name = "html2text", specifier = "==2020.1.16" },
    { name = "update-copyright", marker = "extra == 'dev'", specifier = ">=0.6.2" },
]
provides-extras = ["dev"]

[[package]]
name = "sgmllib3k"
version = "1.0.0"
source = { registry = "https://pypi.org/simple" }
sdist = { url = "https://files.pythonhosted.org/packages/9e/bd/3704a8c3e0942d711c1299ebf7b9091930adae6675d7c8f476a7ce48653c/sgmllib3k-1.0.0.tar.gz", hash = "sha256:7868fb1c8bfa764c1ac563d3cf369c381d1325d36124933a726f29fcdaa812e9", size = 5750, upload-time = "2010-08-24T14:33:52.445Z" }

[[package]]
name = "update-copyright"
version = "0.6.2"
source = { registry = "https://pypi.org/simple" }
sdist = { url = "https://files.pythonhosted.org/packages/cb/64/2fbea1ca0a78f945c3e6fb47599e227926535129e38594bd292d16f75879/update-copyright-0.6.2.tar.gz", hash = "sha256:ffccb6eb762afcbd7e91d0e1901a3af7fba0d90ede4da21ac45e18d6d66bcb9f", size = 12992, upload-time = "2015-03-28T20:12:25.859Z" }
